// !$*UTF8*$!
{
	archiveVersion = 1;
	classes = {
	};
	objectVersion = 46;
	objects = {

/* Begin PBXBuildFile section */
		1C5BA9A51BBFD11C004F3C52 /* AppDelegate.swift in Sources */ = {isa = PBXBuildFile; fileRef = 1C5BA9A41BBFD11C004F3C52 /* AppDelegate.swift */; };
		1C5BA9A71BBFD11C004F3C52 /* MasterViewController.swift in Sources */ = {isa = PBXBuildFile; fileRef = 1C5BA9A61BBFD11C004F3C52 /* MasterViewController.swift */; };
		1C5BA9A91BBFD11C004F3C52 /* DetailViewController.swift in Sources */ = {isa = PBXBuildFile; fileRef = 1C5BA9A81BBFD11C004F3C52 /* DetailViewController.swift */; };
		1C5BA9AC1BBFD11C004F3C52 /* Main.storyboard in Resources */ = {isa = PBXBuildFile; fileRef = 1C5BA9AA1BBFD11C004F3C52 /* Main.storyboard */; };
		1C5BA9AE1BBFD11C004F3C52 /* Assets.xcassets in Resources */ = {isa = PBXBuildFile; fileRef = 1C5BA9AD1BBFD11C004F3C52 /* Assets.xcassets */; };
		1C5BA9B11BBFD11C004F3C52 /* LaunchScreen.storyboard in Resources */ = {isa = PBXBuildFile; fileRef = 1C5BA9AF1BBFD11C004F3C52 /* LaunchScreen.storyboard */; };
		1C5BA9BC1BBFD11C004F3C52 /* _2_storyboard__home_work_Tests.swift in Sources */ = {isa = PBXBuildFile; fileRef = 1C5BA9BB1BBFD11C004F3C52 /* _2_storyboard__home_work_Tests.swift */; };
		1C5BA9C71BBFD11D004F3C52 /* _2_storyboard__home_work_UITests.swift in Sources */ = {isa = PBXBuildFile; fileRef = 1C5BA9C61BBFD11D004F3C52 /* _2_storyboard__home_work_UITests.swift */; };
		1C5BA9D51BBFD495004F3C52 /* Diary.swift in Sources */ = {isa = PBXBuildFile; fileRef = 1C5BA9D41BBFD495004F3C52 /* Diary.swift */; settings = {ASSET_TAGS = (); }; };
		1C5BA9D71BBFE1C6004F3C52 /* Settings.swift in Sources */ = {isa = PBXBuildFile; fileRef = 1C5BA9D61BBFE1C6004F3C52 /* Settings.swift */; settings = {ASSET_TAGS = (); }; };
/* End PBXBuildFile section */

/* Begin PBXContainerItemProxy section */
		1C5BA9B81BBFD11C004F3C52 /* PBXContainerItemProxy */ = {
			isa = PBXContainerItemProxy;
			containerPortal = 1C5BA9991BBFD11C004F3C52 /* Project object */;
			proxyType = 1;
			remoteGlobalIDString = 1C5BA9A01BBFD11C004F3C52;
			remoteInfo = "02 storyboard (home work)";
		};
		1C5BA9C31BBFD11D004F3C52 /* PBXContainerItemProxy */ = {
			isa = PBXContainerItemProxy;
			containerPortal = 1C5BA9991BBFD11C004F3C52 /* Project object */;
			proxyType = 1;
			remoteGlobalIDString = 1C5BA9A01BBFD11C004F3C52;
			remoteInfo = "02 storyboard (home work)";
		};
/* End PBXContainerItemProxy section */

/* Begin PBXFileReference section */
		1C5BA9A11BBFD11C004F3C52 /* 02 storyboard (home work).app */ = {isa = PBXFileReference; explicitFileType = wrapper.application; includeInIndex = 0; path = "02 storyboard (home work).app"; sourceTree = BUILT_PRODUCTS_DIR; };
		1C5BA9A41BBFD11C004F3C52 /* AppDelegate.swift */ = {isa = PBXFileReference; lastKnownFileType = sourcecode.swift; path = AppDelegate.swift; sourceTree = "<group>"; };
		1C5BA9A61BBFD11C004F3C52 /* MasterViewController.swift */ = {isa = PBXFileReference; lastKnownFileType = sourcecode.swift; path = MasterViewController.swift; sourceTree = "<group>"; };
		1C5BA9A81BBFD11C004F3C52 /* DetailViewController.swift */ = {isa = PBXFileReference; lastKnownFileType = sourcecode.swift; path = DetailViewController.swift; sourceTree = "<group>"; };
		1C5BA9AB1BBFD11C004F3C52 /* Base */ = {isa = PBXFileReference; lastKnownFileType = file.storyboard; name = Base; path = Base.lproj/Main.storyboard; sourceTree = "<group>"; };
		1C5BA9AD1BBFD11C004F3C52 /* Assets.xcassets */ = {isa = PBXFileReference; lastKnownFileType = folder.assetcatalog; path = Assets.xcassets; sourceTree = "<group>"; };
		1C5BA9B01BBFD11C004F3C52 /* Base */ = {isa = PBXFileReference; lastKnownFileType = file.storyboard; name = Base; path = Base.lproj/LaunchScreen.storyboard; sourceTree = "<group>"; };
		1C5BA9B21BBFD11C004F3C52 /* Info.plist */ = {isa = PBXFileReference; lastKnownFileType = text.plist.xml; path = Info.plist; sourceTree = "<group>"; };
		1C5BA9B71BBFD11C004F3C52 /* 02 storyboard (home work)Tests.xctest */ = {isa = PBXFileReference; explicitFileType = wrapper.cfbundle; includeInIndex = 0; path = "02 storyboard (home work)Tests.xctest"; sourceTree = BUILT_PRODUCTS_DIR; };
		1C5BA9BB1BBFD11C004F3C52 /* _2_storyboard__home_work_Tests.swift */ = {isa = PBXFileReference; lastKnownFileType = sourcecode.swift; path = _2_storyboard__home_work_Tests.swift; sourceTree = "<group>"; };
		1C5BA9BD1BBFD11C004F3C52 /* Info.plist */ = {isa = PBXFileReference; lastKnownFileType = text.plist.xml; path = Info.plist; sourceTree = "<group>"; };
		1C5BA9C21BBFD11D004F3C52 /* 02 storyboard (home work)UITests.xctest */ = {isa = PBXFileReference; explicitFileType = wrapper.cfbundle; includeInIndex = 0; path = "02 storyboard (home work)UITests.xctest"; sourceTree = BUILT_PRODUCTS_DIR; };
		1C5BA9C61BBFD11D004F3C52 /* _2_storyboard__home_work_UITests.swift */ = {isa = PBXFileReference; lastKnownFileType = sourcecode.swift; path = _2_storyboard__home_work_UITests.swift; sourceTree = "<group>"; };
		1C5BA9C81BBFD11D004F3C52 /* Info.plist */ = {isa = PBXFileReference; lastKnownFileType = text.plist.xml; path = Info.plist; sourceTree = "<group>"; };
		1C5BA9D41BBFD495004F3C52 /* Diary.swift */ = {isa = PBXFileReference; fileEncoding = 4; lastKnownFileType = sourcecode.swift; path = Diary.swift; sourceTree = "<group>"; };
		1C5BA9D61BBFE1C6004F3C52 /* Settings.swift */ = {isa = PBXFileReference; fileEncoding = 4; lastKnownFileType = sourcecode.swift; path = Settings.swift; sourceTree = "<group>"; };
/* End PBXFileReference section */

/* Begin PBXFrameworksBuildPhase section */
		1C5BA99E1BBFD11C004F3C52 /* Frameworks */ = {
			isa = PBXFrameworksBuildPhase;
			buildActionMask = 2147483647;
			files = (
			);
			runOnlyForDeploymentPostprocessing = 0;
		};
		1C5BA9B41BBFD11C004F3C52 /* Frameworks */ = {
			isa = PBXFrameworksBuildPhase;
			buildActionMask = 2147483647;
			files = (
			);
			runOnlyForDeploymentPostprocessing = 0;
		};
		1C5BA9BF1BBFD11D004F3C52 /* Frameworks */ = {
			isa = PBXFrameworksBuildPhase;
			buildActionMask = 2147483647;
			files = (
			);
			runOnlyForDeploymentPostprocessing = 0;
		};
/* End PBXFrameworksBuildPhase section */

/* Begin PBXGroup section */
		1C5BA9981BBFD11C004F3C52 = {
			isa = PBXGroup;
			children = (
				1C5BA9A31BBFD11C004F3C52 /* 02 storyboard (home work) */,
				1C5BA9BA1BBFD11C004F3C52 /* 02 storyboard (home work)Tests */,
				1C5BA9C51BBFD11D004F3C52 /* 02 storyboard (home work)UITests */,
				1C5BA9A21BBFD11C004F3C52 /* Products */,
			);
			sourceTree = "<group>";
		};
		1C5BA9A21BBFD11C004F3C52 /* Products */ = {
			isa = PBXGroup;
			children = (
				1C5BA9A11BBFD11C004F3C52 /* 02 storyboard (home work).app */,
				1C5BA9B71BBFD11C004F3C52 /* 02 storyboard (home work)Tests.xctest */,
				1C5BA9C21BBFD11D004F3C52 /* 02 storyboard (home work)UITests.xctest */,
			);
			name = Products;
			sourceTree = "<group>";
		};
		1C5BA9A31BBFD11C004F3C52 /* 02 storyboard (home work) */ = {
			isa = PBXGroup;
			children = (
				1C5BA9A41BBFD11C004F3C52 /* AppDelegate.swift */,
				1C5BA9A61BBFD11C004F3C52 /* MasterViewController.swift */,
				1C5BA9A81BBFD11C004F3C52 /* DetailViewController.swift */,
				1C5BA9AA1BBFD11C004F3C52 /* Main.storyboard */,
				1C5BA9D61BBFE1C6004F3C52 /* Settings.swift */,
				1C5BA9AD1BBFD11C004F3C52 /* Assets.xcassets */,
				1C5BA9AF1BBFD11C004F3C52 /* LaunchScreen.storyboard */,
				1C5BA9B21BBFD11C004F3C52 /* Info.plist */,
				1C5BA9D41BBFD495004F3C52 /* Diary.swift */,
			);
			path = "02 storyboard (home work)";
			sourceTree = "<group>";
		};
		1C5BA9BA1BBFD11C004F3C52 /* 02 storyboard (home work)Tests */ = {
			isa = PBXGroup;
			children = (
				1C5BA9BB1BBFD11C004F3C52 /* _2_storyboard__home_work_Tests.swift */,
				1C5BA9BD1BBFD11C004F3C52 /* Info.plist */,
			);
			path = "02 storyboard (home work)Tests";
			sourceTree = "<group>";
		};
		1C5BA9C51BBFD11D004F3C52 /* 02 storyboard (home work)UITests */ = {
			isa = PBXGroup;
			children = (
				1C5BA9C61BBFD11D004F3C52 /* _2_storyboard__home_work_UITests.swift */,
				1C5BA9C81BBFD11D004F3C52 /* Info.plist */,
			);
			path = "02 storyboard (home work)UITests";
			sourceTree = "<group>";
		};
/* End PBXGroup section */

/* Begin PBXNativeTarget section */
		1C5BA9A01BBFD11C004F3C52 /* 02 storyboard (home work) */ = {
			isa = PBXNativeTarget;
			buildConfigurationList = 1C5BA9CB1BBFD11D004F3C52 /* Build configuration list for PBXNativeTarget "02 storyboard (home work)" */;
			buildPhases = (
				1C5BA99D1BBFD11C004F3C52 /* Sources */,
				1C5BA99E1BBFD11C004F3C52 /* Frameworks */,
				1C5BA99F1BBFD11C004F3C52 /* Resources */,
			);
			buildRules = (
			);
			dependencies = (
			);
			name = "02 storyboard (home work)";
			productName = "02 storyboard (home work)";
			productReference = 1C5BA9A11BBFD11C004F3C52 /* 02 storyboard (home work).app */;
			productType = "com.apple.product-type.application";
		};
		1C5BA9B61BBFD11C004F3C52 /* 02 storyboard (home work)Tests */ = {
			isa = PBXNativeTarget;
			buildConfigurationList = 1C5BA9CE1BBFD11D004F3C52 /* Build configuration list for PBXNativeTarget "02 storyboard (home work)Tests" */;
			buildPhases = (
				1C5BA9B31BBFD11C004F3C52 /* Sources */,
				1C5BA9B41BBFD11C004F3C52 /* Frameworks */,
				1C5BA9B51BBFD11C004F3C52 /* Resources */,
			);
			buildRules = (
			);
			dependencies = (
				1C5BA9B91BBFD11C004F3C52 /* PBXTargetDependency */,
			);
			name = "02 storyboard (home work)Tests";
			productName = "02 storyboard (home work)Tests";
			productReference = 1C5BA9B71BBFD11C004F3C52 /* 02 storyboard (home work)Tests.xctest */;
			productType = "com.apple.product-type.bundle.unit-test";
		};
		1C5BA9C11BBFD11D004F3C52 /* 02 storyboard (home work)UITests */ = {
			isa = PBXNativeTarget;
			buildConfigurationList = 1C5BA9D11BBFD11D004F3C52 /* Build configuration list for PBXNativeTarget "02 storyboard (home work)UITests" */;
			buildPhases = (
				1C5BA9BE1BBFD11D004F3C52 /* Sources */,
				1C5BA9BF1BBFD11D004F3C52 /* Frameworks */,
				1C5BA9C01BBFD11D004F3C52 /* Resources */,
			);
			buildRules = (
			);
			dependencies = (
				1C5BA9C41BBFD11D004F3C52 /* PBXTargetDependency */,
			);
			name = "02 storyboard (home work)UITests";
			productName = "02 storyboard (home work)UITests";
			productReference = 1C5BA9C21BBFD11D004F3C52 /* 02 storyboard (home work)UITests.xctest */;
			productType = "com.apple.product-type.bundle.ui-testing";
		};
/* End PBXNativeTarget section */

/* Begin PBXProject section */
		1C5BA9991BBFD11C004F3C52 /* Project object */ = {
			isa = PBXProject;
			attributes = {
				LastUpgradeCheck = 0700;
				ORGANIZATIONNAME = "Artyom Bobrovnikov";
				TargetAttributes = {
					1C5BA9A01BBFD11C004F3C52 = {
						CreatedOnToolsVersion = 7.0;
					};
					1C5BA9B61BBFD11C004F3C52 = {
						CreatedOnToolsVersion = 7.0;
						TestTargetID = 1C5BA9A01BBFD11C004F3C52;
					};
					1C5BA9C11BBFD11D004F3C52 = {
						CreatedOnToolsVersion = 7.0;
						TestTargetID = 1C5BA9A01BBFD11C004F3C52;
					};
				};
			};
			buildConfigurationList = 1C5BA99C1BBFD11C004F3C52 /* Build configuration list for PBXProject "02 storyboard (home work)" */;
			compatibilityVersion = "Xcode 3.2";
			developmentRegion = English;
			hasScannedForEncodings = 0;
			knownRegions = (
				en,
				Base,
			);
			mainGroup = 1C5BA9981BBFD11C004F3C52;
			productRefGroup = 1C5BA9A21BBFD11C004F3C52 /* Products */;
			projectDirPath = "";
			projectRoot = "";
			targets = (
				1C5BA9A01BBFD11C004F3C52 /* 02 storyboard (home work) */,
				1C5BA9B61BBFD11C004F3C52 /* 02 storyboard (home work)Tests */,
				1C5BA9C11BBFD11D004F3C52 /* 02 storyboard (home work)UITests */,
			);
		};
/* End PBXProject section */

/* Begin PBXResourcesBuildPhase section */
		1C5BA99F1BBFD11C004F3C52 /* Resources */ = {
			isa = PBXResourcesBuildPhase;
			buildActionMask = 2147483647;
			files = (
				1C5BA9B11BBFD11C004F3C52 /* LaunchScreen.storyboard in Resources */,
				1C5BA9AE1BBFD11C004F3C52 /* Assets.xcassets in Resources */,
				1C5BA9AC1BBFD11C004F3C52 /* Main.storyboard in Resources */,
			);
			runOnlyForDeploymentPostprocessing = 0;
		};
		1C5BA9B51BBFD11C004F3C52 /* Resources */ = {
			isa = PBXResourcesBuildPhase;
			buildActionMask = 2147483647;
			files = (
			);
			runOnlyForDeploymentPostprocessing = 0;
		};
		1C5BA9C01BBFD11D004F3C52 /* Resources */ = {
			isa = PBXResourcesBuildPhase;
			buildActionMask = 2147483647;
			files = (
			);
			runOnlyForDeploymentPostprocessing = 0;
		};
/* End PBXResourcesBuildPhase section */

/* Begin PBXSourcesBuildPhase section */
		1C5BA99D1BBFD11C004F3C52 /* Sources */ = {
			isa = PBXSourcesBuildPhase;
			buildActionMask = 2147483647;
			files = (
				1C5BA9A91BBFD11C004F3C52 /* DetailViewController.swift in Sources */,
				1C5BA9A71BBFD11C004F3C52 /* MasterViewController.swift in Sources */,
				1C5BA9A51BBFD11C004F3C52 /* AppDelegate.swift in Sources */,
				1C5BA9D51BBFD495004F3C52 /* Diary.swift in Sources */,
				1C5BA9D71BBFE1C6004F3C52 /* Settings.swift in Sources */,
			);
			runOnlyForDeploymentPostprocessing = 0;
		};
		1C5BA9B31BBFD11C004F3C52 /* Sources */ = {
			isa = PBXSourcesBuildPhase;
			buildActionMask = 2147483647;
			files = (
				1C5BA9BC1BBFD11C004F3C52 /* _2_storyboard__home_work_Tests.swift in Sources */,
			);
			runOnlyForDeploymentPostprocessing = 0;
		};
		1C5BA9BE1BBFD11D004F3C52 /* Sources */ = {
			isa = PBXSourcesBuildPhase;
			buildActionMask = 2147483647;
			files = (
				1C5BA9C71BBFD11D004F3C52 /* _2_storyboard__home_work_UITests.swift in Sources */,
			);
			runOnlyForDeploymentPostprocessing = 0;
		};
/* End PBXSourcesBuildPhase section */

/* Begin PBXTargetDependency section */
		1C5BA9B91BBFD11C004F3C52 /* PBXTargetDependency */ = {
			isa = PBXTargetDependency;
			target = 1C5BA9A01BBFD11C004F3C52 /* 02 storyboard (home work) */;
			targetProxy = 1C5BA9B81BBFD11C004F3C52 /* PBXContainerItemProxy */;
		};
		1C5BA9C41BBFD11D004F3C52 /* PBXTargetDependency */ = {
			isa = PBXTargetDependency;
			target = 1C5BA9A01BBFD11C004F3C52 /* 02 storyboard (home work) */;
			targetProxy = 1C5BA9C31BBFD11D004F3C52 /* PBXContainerItemProxy */;
		};
/* End PBXTargetDependency section */

/* Begin PBXVariantGroup section */
		1C5BA9AA1BBFD11C004F3C52 /* Main.storyboard */ = {
			isa = PBXVariantGroup;
			children = (
				1C5BA9AB1BBFD11C004F3C52 /* Base */,
			);
			name = Main.storyboard;
			sourceTree = "<group>";
		};
		1C5BA9AF1BBFD11C004F3C52 /* LaunchScreen.storyboard */ = {
			isa = PBXVariantGroup;
			children = (
				1C5BA9B01BBFD11C004F3C52 /* Base */,
			);
			name = LaunchScreen.storyboard;
			sourceTree = "<group>";
		};
/* End PBXVariantGroup section */

/* Begin XCBuildConfiguration section */
		1C5BA9C91BBFD11D004F3C52 /* Debug */ = {
			isa = XCBuildConfiguration;
			buildSettings = {
				ALWAYS_SEARCH_USER_PATHS = NO;
				CLANG_CXX_LANGUAGE_STANDARD = "gnu++0x";
				CLANG_CXX_LIBRARY = "libc++";
				CLANG_ENABLE_MODULES = YES;
				CLANG_ENABLE_OBJC_ARC = YES;
				CLANG_WARN_BOOL_CONVERSION = YES;
				CLANG_WARN_CONSTANT_CONVERSION = YES;
				CLANG_WARN_DIRECT_OBJC_ISA_USAGE = YES_ERROR;
				CLANG_WARN_EMPTY_BODY = YES;
				CLANG_WARN_ENUM_CONVERSION = YES;
				CLANG_WARN_INT_CONVERSION = YES;
				CLANG_WARN_OBJC_ROOT_CLASS = YES_ERROR;
				CLANG_WARN_UNREACHABLE_CODE = YES;
				CLANG_WARN__DUPLICATE_METHOD_MATCH = YES;
				"CODE_SIGN_IDENTITY[sdk=iphoneos*]" = "iPhone Developer";
				COPY_PHASE_STRIP = NO;
				DEBUG_INFORMATION_FORMAT = dwarf;
				ENABLE_STRICT_OBJC_MSGSEND = YES;
				ENABLE_TESTABILITY = YES;
				GCC_C_LANGUAGE_STANDARD = gnu99;
				GCC_DYNAMIC_NO_PIC = NO;
				GCC_NO_COMMON_BLOCKS = YES;
				GCC_OPTIMIZATION_LEVEL = 0;
				GCC_PREPROCESSOR_DEFINITIONS = (
					"DEBUG=1",
					"$(inherited)",
				);
				GCC_WARN_64_TO_32_BIT_CONVERSION = YES;
				GCC_WARN_ABOUT_RETURN_TYPE = YES_ERROR;
				GCC_WARN_UNDECLARED_SELECTOR = YES;
				GCC_WARN_UNINITIALIZED_AUTOS = YES_AGGRESSIVE;
				GCC_WARN_UNUSED_FUNCTION = YES;
				GCC_WARN_UNUSED_VARIABLE = YES;
				IPHONEOS_DEPLOYMENT_TARGET = 9.0;
				MTL_ENABLE_DEBUG_INFO = YES;
				ONLY_ACTIVE_ARCH = YES;
				SDKROOT = iphoneos;
				SWIFT_OPTIMIZATION_LEVEL = "-Onone";
			};
			name = Debug;
		};
		1C5BA9CA1BBFD11D004F3C52 /* Release */ = {
			isa = XCBuildConfiguration;
			buildSettings = {
				ALWAYS_SEARCH_USER_PATHS = NO;
				CLANG_CXX_LANGUAGE_STANDARD = "gnu++0x";
				CLANG_CXX_LIBRARY = "libc++";
				CLANG_ENABLE_MODULES = YES;
				CLANG_ENABLE_OBJC_ARC = YES;
				CLANG_WARN_BOOL_CONVERSION = YES;
				CLANG_WARN_CONSTANT_CONVERSION = YES;
				CLANG_WARN_DIRECT_OBJC_ISA_USAGE = YES_ERROR;
				CLANG_WARN_EMPTY_BODY = YES;
				CLANG_WARN_ENUM_CONVERSION = YES;
				CLANG_WARN_INT_CONVERSION = YES;
				CLANG_WARN_OBJC_ROOT_CLASS = YES_ERROR;
				CLANG_WARN_UNREACHABLE_CODE = YES;
				CLANG_WARN__DUPLICATE_METHOD_MATCH = YES;
				"CODE_SIGN_IDENTITY[sdk=iphoneos*]" = "iPhone Developer";
				COPY_PHASE_STRIP = NO;
				DEBUG_INFORMATION_FORMAT = "dwarf-with-dsym";
				ENABLE_NS_ASSERTIONS = NO;
				ENABLE_STRICT_OBJC_MSGSEND = YES;
				GCC_C_LANGUAGE_STANDARD = gnu99;
				GCC_NO_COMMON_BLOCKS = YES;
				GCC_WARN_64_TO_32_BIT_CONVERSION = YES;
				GCC_WARN_ABOUT_RETURN_TYPE = YES_ERROR;
				GCC_WARN_UNDECLARED_SELECTOR = YES;
				GCC_WARN_UNINITIALIZED_AUTOS = YES_AGGRESSIVE;
				GCC_WARN_UNUSED_FUNCTION = YES;
				GCC_WARN_UNUSED_VARIABLE = YES;
				IPHONEOS_DEPLOYMENT_TARGET = 9.0;
				MTL_ENABLE_DEBUG_INFO = NO;
				SDKROOT = iphoneos;
				VALIDATE_PRODUCT = YES;
			};
			name = Release;
		};
		1C5BA9CC1BBFD11D004F3C52 /* Debug */ = {
			isa = XCBuildConfiguration;
			buildSettings = {
				ASSETCATALOG_COMPILER_APPICON_NAME = AppIcon;
				INFOPLIST_FILE = "02 storyboard (home work)/Info.plist";
				LD_RUNPATH_SEARCH_PATHS = "$(inherited) @executable_path/Frameworks";
				PRODUCT_BUNDLE_IDENTIFIER = "BobrDobr.-2-storyboard--home-work-";
				PRODUCT_NAME = "$(TARGET_NAME)";
			};
			name = Debug;
		};
		1C5BA9CD1BBFD11D004F3C52 /* Release */ = {
			isa = XCBuildConfiguration;
			buildSettings = {
				ASSETCATALOG_COMPILER_APPICON_NAME = AppIcon;
				INFOPLIST_FILE = "02 storyboard (home work)/Info.plist";
				LD_RUNPATH_SEARCH_PATHS = "$(inherited) @executable_path/Frameworks";
				PRODUCT_BUNDLE_IDENTIFIER = "BobrDobr.-2-storyboard--home-work-";
				PRODUCT_NAME = "$(TARGET_NAME)";
			};
			name = Release;
		};
		1C5BA9CF1BBFD11D004F3C52 /* Debug */ = {
			isa = XCBuildConfiguration;
			buildSettings = {
				BUNDLE_LOADER = "$(TEST_HOST)";
				INFOPLIST_FILE = "02 storyboard (home work)Tests/Info.plist";
				LD_RUNPATH_SEARCH_PATHS = "$(inherited) @executable_path/Frameworks @loader_path/Frameworks";
				PRODUCT_BUNDLE_IDENTIFIER = "BobrDobr.-2-storyboard--home-work-Tests";
				PRODUCT_NAME = "$(TARGET_NAME)";
				TEST_HOST = "$(BUILT_PRODUCTS_DIR)/02 storyboard (home work).app/02 storyboard (home work)";
			};
			name = Debug;
		};
		1C5BA9D01BBFD11D004F3C52 /* Release */ = {
			isa = XCBuildConfiguration;
			buildSettings = {
				BUNDLE_LOADER = "$(TEST_HOST)";
				INFOPLIST_FILE = "02 storyboard (home work)Tests/Info.plist";
				LD_RUNPATH_SEARCH_PATHS = "$(inherited) @executable_path/Frameworks @loader_path/Frameworks";
				PRODUCT_BUNDLE_IDENTIFIER = "BobrDobr.-2-storyboard--home-work-Tests";
				PRODUCT_NAME = "$(TARGET_NAME)";
				TEST_HOST = "$(BUILT_PRODUCTS_DIR)/02 storyboard (home work).app/02 storyboard (home work)";
			};
			name = Release;
		};
		1C5BA9D21BBFD11D004F3C52 /* Debug */ = {
			isa = XCBuildConfiguration;
			buildSettings = {
				INFOPLIST_FILE = "02 storyboard (home work)UITests/Info.plist";
				LD_RUNPATH_SEARCH_PATHS = "$(inherited) @executable_path/Frameworks @loader_path/Frameworks";
				PRODUCT_BUNDLE_IDENTIFIER = "BobrDobr.-2-storyboard--home-work-UITests";
				PRODUCT_NAME = "$(TARGET_NAME)";
				TEST_TARGET_NAME = "02 storyboard (home work)";
				USES_XCTRUNNER = YES;
			};
			name = Debug;
		};
		1C5BA9D31BBFD11D004F3C52 /* Release */ = {
			isa = XCBuildConfiguration;
			buildSettings = {
				INFOPLIST_FILE = "02 storyboard (home work)UITests/Info.plist";
				LD_RUNPATH_SEARCH_PATHS = "$(inherited) @executable_path/Frameworks @loader_path/Frameworks";
				PRODUCT_BUNDLE_IDENTIFIER = "BobrDobr.-2-storyboard--home-work-UITests";
				PRODUCT_NAME = "$(TARGET_NAME)";
				TEST_TARGET_NAME = "02 storyboard (home work)";
				USES_XCTRUNNER = YES;
			};
			name = Release;
		};
/* End XCBuildConfiguration section */

/* Begin XCConfigurationList section */
		1C5BA99C1BBFD11C004F3C52 /* Build configuration list for PBXProject "02 storyboard (home work)" */ = {
			isa = XCConfigurationList;
			buildConfigurations = (
				1C5BA9C91BBFD11D004F3C52 /* Debug */,
				1C5BA9CA1BBFD11D004F3C52 /* Release */,
			);
			defaultConfigurationIsVisible = 0;
			defaultConfigurationName = Release;
		};
		1C5BA9CB1BBFD11D004F3C52 /* Build configuration list for PBXNativeTarget "02 storyboard (home work)" */ = {
			isa = XCConfigurationList;
			buildConfigurations = (
				1C5BA9CC1BBFD11D004F3C52 /* Debug */,
				1C5BA9CD1BBFD11D004F3C52 /* Release */,
			);
			defaultConfigurationIsVisible = 0;
			defaultConfigurationName = Release;
		};
		1C5BA9CE1BBFD11D004F3C52 /* Build configuration list for PBXNativeTarget "02 storyboard (home work)Tests" */ = {
			isa = XCConfigurationList;
			buildConfigurations = (
				1C5BA9CF1BBFD11D004F3C52 /* Debug */,
				1C5BA9D01BBFD11D004F3C52 /* Release */,
			);
			defaultConfigurationIsVisible = 0;
			defaultConfigurationName = Release;
		};
		1C5BA9D11BBFD11D004F3C52 /* Build configuration list for PBXNativeTarget "02 storyboard (home work)UITests" */ = {
			isa = XCConfigurationList;
			buildConfigurations = (
				1C5BA9D21BBFD11D004F3C52 /* Debug */,
				1C5BA9D31BBFD11D004F3C52 /* Release */,
			);
			defaultConfigurationIsVisible = 0;
			defaultConfigurationName = Release;
		};
/* End XCConfigurationList section */
	};
	rootObject = 1C5BA9991BBFD11C004F3C52 /* Project object */;
}
