// !$*UTF8*$!
{
	archiveVersion = 1;
	classes = {
	};
	objectVersion = 46;
	objects = {

/* Begin PBXBuildFile section */
		1CC8AC9C1BAD79AA00479798 /* AppDelegate.swift in Sources */ = {isa = PBXBuildFile; fileRef = 1CC8AC9B1BAD79AA00479798 /* AppDelegate.swift */; };
		1CC8AC9E1BAD79AA00479798 /* MasterViewController.swift in Sources */ = {isa = PBXBuildFile; fileRef = 1CC8AC9D1BAD79AA00479798 /* MasterViewController.swift */; };
		1CC8ACA01BAD79AA00479798 /* DetailViewController.swift in Sources */ = {isa = PBXBuildFile; fileRef = 1CC8AC9F1BAD79AA00479798 /* DetailViewController.swift */; };
		1CC8ACA31BAD79AA00479798 /* Main.storyboard in Resources */ = {isa = PBXBuildFile; fileRef = 1CC8ACA11BAD79AA00479798 /* Main.storyboard */; };
		1CC8ACA51BAD79AB00479798 /* Assets.xcassets in Resources */ = {isa = PBXBuildFile; fileRef = 1CC8ACA41BAD79AB00479798 /* Assets.xcassets */; };
		1CC8ACA81BAD79AB00479798 /* LaunchScreen.storyboard in Resources */ = {isa = PBXBuildFile; fileRef = 1CC8ACA61BAD79AB00479798 /* LaunchScreen.storyboard */; };
		1CC8ACB31BAD79AB00479798 /* ios_course_homework02Tests.swift in Sources */ = {isa = PBXBuildFile; fileRef = 1CC8ACB21BAD79AB00479798 /* ios_course_homework02Tests.swift */; };
		1CC8ACBE1BAD79AB00479798 /* ios_course_homework02UITests.swift in Sources */ = {isa = PBXBuildFile; fileRef = 1CC8ACBD1BAD79AB00479798 /* ios_course_homework02UITests.swift */; };
/* End PBXBuildFile section */

/* Begin PBXContainerItemProxy section */
		1CC8ACAF1BAD79AB00479798 /* PBXContainerItemProxy */ = {
			isa = PBXContainerItemProxy;
			containerPortal = 1CC8AC901BAD79A900479798 /* Project object */;
			proxyType = 1;
			remoteGlobalIDString = 1CC8AC971BAD79A900479798;
			remoteInfo = "ios-course-homework02";
		};
		1CC8ACBA1BAD79AB00479798 /* PBXContainerItemProxy */ = {
			isa = PBXContainerItemProxy;
			containerPortal = 1CC8AC901BAD79A900479798 /* Project object */;
			proxyType = 1;
			remoteGlobalIDString = 1CC8AC971BAD79A900479798;
			remoteInfo = "ios-course-homework02";
		};
/* End PBXContainerItemProxy section */

/* Begin PBXFileReference section */
		1CC8AC981BAD79AA00479798 /* ios-course-homework02.app */ = {isa = PBXFileReference; explicitFileType = wrapper.application; includeInIndex = 0; path = "ios-course-homework02.app"; sourceTree = BUILT_PRODUCTS_DIR; };
		1CC8AC9B1BAD79AA00479798 /* AppDelegate.swift */ = {isa = PBXFileReference; lastKnownFileType = sourcecode.swift; path = AppDelegate.swift; sourceTree = "<group>"; };
		1CC8AC9D1BAD79AA00479798 /* MasterViewController.swift */ = {isa = PBXFileReference; lastKnownFileType = sourcecode.swift; path = MasterViewController.swift; sourceTree = "<group>"; };
		1CC8AC9F1BAD79AA00479798 /* DetailViewController.swift */ = {isa = PBXFileReference; lastKnownFileType = sourcecode.swift; path = DetailViewController.swift; sourceTree = "<group>"; };
		1CC8ACA21BAD79AA00479798 /* Base */ = {isa = PBXFileReference; lastKnownFileType = file.storyboard; name = Base; path = Base.lproj/Main.storyboard; sourceTree = "<group>"; };
		1CC8ACA41BAD79AB00479798 /* Assets.xcassets */ = {isa = PBXFileReference; lastKnownFileType = folder.assetcatalog; path = Assets.xcassets; sourceTree = "<group>"; };
		1CC8ACA71BAD79AB00479798 /* Base */ = {isa = PBXFileReference; lastKnownFileType = file.storyboard; name = Base; path = Base.lproj/LaunchScreen.storyboard; sourceTree = "<group>"; };
		1CC8ACA91BAD79AB00479798 /* Info.plist */ = {isa = PBXFileReference; lastKnownFileType = text.plist.xml; path = Info.plist; sourceTree = "<group>"; };
		1CC8ACAE1BAD79AB00479798 /* ios-course-homework02Tests.xctest */ = {isa = PBXFileReference; explicitFileType = wrapper.cfbundle; includeInIndex = 0; path = "ios-course-homework02Tests.xctest"; sourceTree = BUILT_PRODUCTS_DIR; };
		1CC8ACB21BAD79AB00479798 /* ios_course_homework02Tests.swift */ = {isa = PBXFileReference; lastKnownFileType = sourcecode.swift; path = ios_course_homework02Tests.swift; sourceTree = "<group>"; };
		1CC8ACB41BAD79AB00479798 /* Info.plist */ = {isa = PBXFileReference; lastKnownFileType = text.plist.xml; path = Info.plist; sourceTree = "<group>"; };
		1CC8ACB91BAD79AB00479798 /* ios-course-homework02UITests.xctest */ = {isa = PBXFileReference; explicitFileType = wrapper.cfbundle; includeInIndex = 0; path = "ios-course-homework02UITests.xctest"; sourceTree = BUILT_PRODUCTS_DIR; };
		1CC8ACBD1BAD79AB00479798 /* ios_course_homework02UITests.swift */ = {isa = PBXFileReference; lastKnownFileType = sourcecode.swift; path = ios_course_homework02UITests.swift; sourceTree = "<group>"; };
		1CC8ACBF1BAD79AB00479798 /* Info.plist */ = {isa = PBXFileReference; lastKnownFileType = text.plist.xml; path = Info.plist; sourceTree = "<group>"; };
/* End PBXFileReference section */

/* Begin PBXFrameworksBuildPhase section */
		1CC8AC951BAD79A900479798 /* Frameworks */ = {
			isa = PBXFrameworksBuildPhase;
			buildActionMask = 2147483647;
			files = (
			);
			runOnlyForDeploymentPostprocessing = 0;
		};
		1CC8ACAB1BAD79AB00479798 /* Frameworks */ = {
			isa = PBXFrameworksBuildPhase;
			buildActionMask = 2147483647;
			files = (
			);
			runOnlyForDeploymentPostprocessing = 0;
		};
		1CC8ACB61BAD79AB00479798 /* Frameworks */ = {
			isa = PBXFrameworksBuildPhase;
			buildActionMask = 2147483647;
			files = (
			);
			runOnlyForDeploymentPostprocessing = 0;
		};
/* End PBXFrameworksBuildPhase section */

/* Begin PBXGroup section */
		1CC8AC8F1BAD79A800479798 = {
			isa = PBXGroup;
			children = (
				1CC8AC9A1BAD79AA00479798 /* ios-course-homework02 */,
				1CC8ACB11BAD79AB00479798 /* ios-course-homework02Tests */,
				1CC8ACBC1BAD79AB00479798 /* ios-course-homework02UITests */,
				1CC8AC991BAD79AA00479798 /* Products */,
			);
			sourceTree = "<group>";
		};
		1CC8AC991BAD79AA00479798 /* Products */ = {
			isa = PBXGroup;
			children = (
				1CC8AC981BAD79AA00479798 /* ios-course-homework02.app */,
				1CC8ACAE1BAD79AB00479798 /* ios-course-homework02Tests.xctest */,
				1CC8ACB91BAD79AB00479798 /* ios-course-homework02UITests.xctest */,
			);
			name = Products;
			sourceTree = "<group>";
		};
		1CC8AC9A1BAD79AA00479798 /* ios-course-homework02 */ = {
			isa = PBXGroup;
			children = (
				1CC8AC9B1BAD79AA00479798 /* AppDelegate.swift */,
				1CC8AC9D1BAD79AA00479798 /* MasterViewController.swift */,
				1CC8AC9F1BAD79AA00479798 /* DetailViewController.swift */,
				1CC8ACA11BAD79AA00479798 /* Main.storyboard */,
				1CC8ACA41BAD79AB00479798 /* Assets.xcassets */,
				1CC8ACA61BAD79AB00479798 /* LaunchScreen.storyboard */,
				1CC8ACA91BAD79AB00479798 /* Info.plist */,
			);
			path = "ios-course-homework02";
			sourceTree = "<group>";
		};
		1CC8ACB11BAD79AB00479798 /* ios-course-homework02Tests */ = {
			isa = PBXGroup;
			children = (
				1CC8ACB21BAD79AB00479798 /* ios_course_homework02Tests.swift */,
				1CC8ACB41BAD79AB00479798 /* Info.plist */,
			);
			path = "ios-course-homework02Tests";
			sourceTree = "<group>";
		};
		1CC8ACBC1BAD79AB00479798 /* ios-course-homework02UITests */ = {
			isa = PBXGroup;
			children = (
				1CC8ACBD1BAD79AB00479798 /* ios_course_homework02UITests.swift */,
				1CC8ACBF1BAD79AB00479798 /* Info.plist */,
			);
			path = "ios-course-homework02UITests";
			sourceTree = "<group>";
		};
/* End PBXGroup section */

/* Begin PBXNativeTarget section */
		1CC8AC971BAD79A900479798 /* ios-course-homework02 */ = {
			isa = PBXNativeTarget;
			buildConfigurationList = 1CC8ACC21BAD79AB00479798 /* Build configuration list for PBXNativeTarget "ios-course-homework02" */;
			buildPhases = (
				1CC8AC941BAD79A900479798 /* Sources */,
				1CC8AC951BAD79A900479798 /* Frameworks */,
				1CC8AC961BAD79A900479798 /* Resources */,
			);
			buildRules = (
			);
			dependencies = (
			);
			name = "ios-course-homework02";
			productName = "ios-course-homework02";
			productReference = 1CC8AC981BAD79AA00479798 /* ios-course-homework02.app */;
			productType = "com.apple.product-type.application";
		};
		1CC8ACAD1BAD79AB00479798 /* ios-course-homework02Tests */ = {
			isa = PBXNativeTarget;
			buildConfigurationList = 1CC8ACC51BAD79AB00479798 /* Build configuration list for PBXNativeTarget "ios-course-homework02Tests" */;
			buildPhases = (
				1CC8ACAA1BAD79AB00479798 /* Sources */,
				1CC8ACAB1BAD79AB00479798 /* Frameworks */,
				1CC8ACAC1BAD79AB00479798 /* Resources */,
			);
			buildRules = (
			);
			dependencies = (
				1CC8ACB01BAD79AB00479798 /* PBXTargetDependency */,
			);
			name = "ios-course-homework02Tests";
			productName = "ios-course-homework02Tests";
			productReference = 1CC8ACAE1BAD79AB00479798 /* ios-course-homework02Tests.xctest */;
			productType = "com.apple.product-type.bundle.unit-test";
		};
		1CC8ACB81BAD79AB00479798 /* ios-course-homework02UITests */ = {
			isa = PBXNativeTarget;
			buildConfigurationList = 1CC8ACC81BAD79AB00479798 /* Build configuration list for PBXNativeTarget "ios-course-homework02UITests" */;
			buildPhases = (
				1CC8ACB51BAD79AB00479798 /* Sources */,
				1CC8ACB61BAD79AB00479798 /* Frameworks */,
				1CC8ACB71BAD79AB00479798 /* Resources */,
			);
			buildRules = (
			);
			dependencies = (
				1CC8ACBB1BAD79AB00479798 /* PBXTargetDependency */,
			);
			name = "ios-course-homework02UITests";
			productName = "ios-course-homework02UITests";
			productReference = 1CC8ACB91BAD79AB00479798 /* ios-course-homework02UITests.xctest */;
			productType = "com.apple.product-type.bundle.ui-testing";
		};
/* End PBXNativeTarget section */

/* Begin PBXProject section */
		1CC8AC901BAD79A900479798 /* Project object */ = {
			isa = PBXProject;
			attributes = {
				LastUpgradeCheck = 0700;
				ORGANIZATIONNAME = "Artyom Bobrovnikov";
				TargetAttributes = {
					1CC8AC971BAD79A900479798 = {
						CreatedOnToolsVersion = 7.0;
					};
					1CC8ACAD1BAD79AB00479798 = {
						CreatedOnToolsVersion = 7.0;
						TestTargetID = 1CC8AC971BAD79A900479798;
					};
					1CC8ACB81BAD79AB00479798 = {
						CreatedOnToolsVersion = 7.0;
						TestTargetID = 1CC8AC971BAD79A900479798;
					};
				};
			};
			buildConfigurationList = 1CC8AC931BAD79A900479798 /* Build configuration list for PBXProject "ios-course-homework02" */;
			compatibilityVersion = "Xcode 3.2";
			developmentRegion = English;
			hasScannedForEncodings = 0;
			knownRegions = (
				en,
				Base,
			);
			mainGroup = 1CC8AC8F1BAD79A800479798;
			productRefGroup = 1CC8AC991BAD79AA00479798 /* Products */;
			projectDirPath = "";
			projectRoot = "";
			targets = (
				1CC8AC971BAD79A900479798 /* ios-course-homework02 */,
				1CC8ACAD1BAD79AB00479798 /* ios-course-homework02Tests */,
				1CC8ACB81BAD79AB00479798 /* ios-course-homework02UITests */,
			);
		};
/* End PBXProject section */

/* Begin PBXResourcesBuildPhase section */
		1CC8AC961BAD79A900479798 /* Resources */ = {
			isa = PBXResourcesBuildPhase;
			buildActionMask = 2147483647;
			files = (
				1CC8ACA81BAD79AB00479798 /* LaunchScreen.storyboard in Resources */,
				1CC8ACA51BAD79AB00479798 /* Assets.xcassets in Resources */,
				1CC8ACA31BAD79AA00479798 /* Main.storyboard in Resources */,
			);
			runOnlyForDeploymentPostprocessing = 0;
		};
		1CC8ACAC1BAD79AB00479798 /* Resources */ = {
			isa = PBXResourcesBuildPhase;
			buildActionMask = 2147483647;
			files = (
			);
			runOnlyForDeploymentPostprocessing = 0;
		};
		1CC8ACB71BAD79AB00479798 /* Resources */ = {
			isa = PBXResourcesBuildPhase;
			buildActionMask = 2147483647;
			files = (
			);
			runOnlyForDeploymentPostprocessing = 0;
		};
/* End PBXResourcesBuildPhase section */

/* Begin PBXSourcesBuildPhase section */
		1CC8AC941BAD79A900479798 /* Sources */ = {
			isa = PBXSourcesBuildPhase;
			buildActionMask = 2147483647;
			files = (
				1CC8ACA01BAD79AA00479798 /* DetailViewController.swift in Sources */,
				1CC8AC9E1BAD79AA00479798 /* MasterViewController.swift in Sources */,
				1CC8AC9C1BAD79AA00479798 /* AppDelegate.swift in Sources */,
			);
			runOnlyForDeploymentPostprocessing = 0;
		};
		1CC8ACAA1BAD79AB00479798 /* Sources */ = {
			isa = PBXSourcesBuildPhase;
			buildActionMask = 2147483647;
			files = (
				1CC8ACB31BAD79AB00479798 /* ios_course_homework02Tests.swift in Sources */,
			);
			runOnlyForDeploymentPostprocessing = 0;
		};
		1CC8ACB51BAD79AB00479798 /* Sources */ = {
			isa = PBXSourcesBuildPhase;
			buildActionMask = 2147483647;
			files = (
				1CC8ACBE1BAD79AB00479798 /* ios_course_homework02UITests.swift in Sources */,
			);
			runOnlyForDeploymentPostprocessing = 0;
		};
/* End PBXSourcesBuildPhase section */

/* Begin PBXTargetDependency section */
		1CC8ACB01BAD79AB00479798 /* PBXTargetDependency */ = {
			isa = PBXTargetDependency;
			target = 1CC8AC971BAD79A900479798 /* ios-course-homework02 */;
			targetProxy = 1CC8ACAF1BAD79AB00479798 /* PBXContainerItemProxy */;
		};
		1CC8ACBB1BAD79AB00479798 /* PBXTargetDependency */ = {
			isa = PBXTargetDependency;
			target = 1CC8AC971BAD79A900479798 /* ios-course-homework02 */;
			targetProxy = 1CC8ACBA1BAD79AB00479798 /* PBXContainerItemProxy */;
		};
/* End PBXTargetDependency section */

/* Begin PBXVariantGroup section */
		1CC8ACA11BAD79AA00479798 /* Main.storyboard */ = {
			isa = PBXVariantGroup;
			children = (
				1CC8ACA21BAD79AA00479798 /* Base */,
			);
			name = Main.storyboard;
			sourceTree = "<group>";
		};
		1CC8ACA61BAD79AB00479798 /* LaunchScreen.storyboard */ = {
			isa = PBXVariantGroup;
			children = (
				1CC8ACA71BAD79AB00479798 /* Base */,
			);
			name = LaunchScreen.storyboard;
			sourceTree = "<group>";
		};
/* End PBXVariantGroup section */

/* Begin XCBuildConfiguration section */
		1CC8ACC01BAD79AB00479798 /* Debug */ = {
			isa = XCBuildConfiguration;
			buildSettings = {
				ALWAYS_SEARCH_USER_PATHS = NO;
				CLANG_CXX_LANGUAGE_STANDARD = "gnu++0x";
				CLANG_CXX_LIBRARY = "libc++";
				CLANG_ENABLE_MODULES = YES;
				CLANG_ENABLE_OBJC_ARC = YES;
				CLANG_WARN_BOOL_CONVERSION = YES;
				CLANG_WARN_CONSTANT_CONVERSION = YES;
				CLANG_WARN_DIRECT_OBJC_ISA_USAGE = YES_ERROR;
				CLANG_WARN_EMPTY_BODY = YES;
				CLANG_WARN_ENUM_CONVERSION = YES;
				CLANG_WARN_INT_CONVERSION = YES;
				CLANG_WARN_OBJC_ROOT_CLASS = YES_ERROR;
				CLANG_WARN_UNREACHABLE_CODE = YES;
				CLANG_WARN__DUPLICATE_METHOD_MATCH = YES;
				"CODE_SIGN_IDENTITY[sdk=iphoneos*]" = "iPhone Developer";
				COPY_PHASE_STRIP = NO;
				DEBUG_INFORMATION_FORMAT = dwarf;
				ENABLE_STRICT_OBJC_MSGSEND = YES;
				ENABLE_TESTABILITY = YES;
				GCC_C_LANGUAGE_STANDARD = gnu99;
				GCC_DYNAMIC_NO_PIC = NO;
				GCC_NO_COMMON_BLOCKS = YES;
				GCC_OPTIMIZATION_LEVEL = 0;
				GCC_PREPROCESSOR_DEFINITIONS = (
					"DEBUG=1",
					"$(inherited)",
				);
				GCC_WARN_64_TO_32_BIT_CONVERSION = YES;
				GCC_WARN_ABOUT_RETURN_TYPE = YES_ERROR;
				GCC_WARN_UNDECLARED_SELECTOR = YES;
				GCC_WARN_UNINITIALIZED_AUTOS = YES_AGGRESSIVE;
				GCC_WARN_UNUSED_FUNCTION = YES;
				GCC_WARN_UNUSED_VARIABLE = YES;
				IPHONEOS_DEPLOYMENT_TARGET = 9.0;
				MTL_ENABLE_DEBUG_INFO = YES;
				ONLY_ACTIVE_ARCH = YES;
				SDKROOT = iphoneos;
				SWIFT_OPTIMIZATION_LEVEL = "-Onone";
			};
			name = Debug;
		};
		1CC8ACC11BAD79AB00479798 /* Release */ = {
			isa = XCBuildConfiguration;
			buildSettings = {
				ALWAYS_SEARCH_USER_PATHS = NO;
				CLANG_CXX_LANGUAGE_STANDARD = "gnu++0x";
				CLANG_CXX_LIBRARY = "libc++";
				CLANG_ENABLE_MODULES = YES;
				CLANG_ENABLE_OBJC_ARC = YES;
				CLANG_WARN_BOOL_CONVERSION = YES;
				CLANG_WARN_CONSTANT_CONVERSION = YES;
				CLANG_WARN_DIRECT_OBJC_ISA_USAGE = YES_ERROR;
				CLANG_WARN_EMPTY_BODY = YES;
				CLANG_WARN_ENUM_CONVERSION = YES;
				CLANG_WARN_INT_CONVERSION = YES;
				CLANG_WARN_OBJC_ROOT_CLASS = YES_ERROR;
				CLANG_WARN_UNREACHABLE_CODE = YES;
				CLANG_WARN__DUPLICATE_METHOD_MATCH = YES;
				"CODE_SIGN_IDENTITY[sdk=iphoneos*]" = "iPhone Developer";
				COPY_PHASE_STRIP = NO;
				DEBUG_INFORMATION_FORMAT = "dwarf-with-dsym";
				ENABLE_NS_ASSERTIONS = NO;
				ENABLE_STRICT_OBJC_MSGSEND = YES;
				GCC_C_LANGUAGE_STANDARD = gnu99;
				GCC_NO_COMMON_BLOCKS = YES;
				GCC_WARN_64_TO_32_BIT_CONVERSION = YES;
				GCC_WARN_ABOUT_RETURN_TYPE = YES_ERROR;
				GCC_WARN_UNDECLARED_SELECTOR = YES;
				GCC_WARN_UNINITIALIZED_AUTOS = YES_AGGRESSIVE;
				GCC_WARN_UNUSED_FUNCTION = YES;
				GCC_WARN_UNUSED_VARIABLE = YES;
				IPHONEOS_DEPLOYMENT_TARGET = 9.0;
				MTL_ENABLE_DEBUG_INFO = NO;
				SDKROOT = iphoneos;
				VALIDATE_PRODUCT = YES;
			};
			name = Release;
		};
		1CC8ACC31BAD79AB00479798 /* Debug */ = {
			isa = XCBuildConfiguration;
			buildSettings = {
				ASSETCATALOG_COMPILER_APPICON_NAME = AppIcon;
				INFOPLIST_FILE = "ios-course-homework02/Info.plist";
				LD_RUNPATH_SEARCH_PATHS = "$(inherited) @executable_path/Frameworks";
				PRODUCT_BUNDLE_IDENTIFIER = "BobrDobr.ios-course-homework02";
				PRODUCT_NAME = "$(TARGET_NAME)";
			};
			name = Debug;
		};
		1CC8ACC41BAD79AB00479798 /* Release */ = {
			isa = XCBuildConfiguration;
			buildSettings = {
				ASSETCATALOG_COMPILER_APPICON_NAME = AppIcon;
				INFOPLIST_FILE = "ios-course-homework02/Info.plist";
				LD_RUNPATH_SEARCH_PATHS = "$(inherited) @executable_path/Frameworks";
				PRODUCT_BUNDLE_IDENTIFIER = "BobrDobr.ios-course-homework02";
				PRODUCT_NAME = "$(TARGET_NAME)";
			};
			name = Release;
		};
		1CC8ACC61BAD79AB00479798 /* Debug */ = {
			isa = XCBuildConfiguration;
			buildSettings = {
				BUNDLE_LOADER = "$(TEST_HOST)";
				INFOPLIST_FILE = "ios-course-homework02Tests/Info.plist";
				LD_RUNPATH_SEARCH_PATHS = "$(inherited) @executable_path/Frameworks @loader_path/Frameworks";
				PRODUCT_BUNDLE_IDENTIFIER = "BobrDobr.ios-course-homework02Tests";
				PRODUCT_NAME = "$(TARGET_NAME)";
				TEST_HOST = "$(BUILT_PRODUCTS_DIR)/ios-course-homework02.app/ios-course-homework02";
			};
			name = Debug;
		};
		1CC8ACC71BAD79AB00479798 /* Release */ = {
			isa = XCBuildConfiguration;
			buildSettings = {
				BUNDLE_LOADER = "$(TEST_HOST)";
				INFOPLIST_FILE = "ios-course-homework02Tests/Info.plist";
				LD_RUNPATH_SEARCH_PATHS = "$(inherited) @executable_path/Frameworks @loader_path/Frameworks";
				PRODUCT_BUNDLE_IDENTIFIER = "BobrDobr.ios-course-homework02Tests";
				PRODUCT_NAME = "$(TARGET_NAME)";
				TEST_HOST = "$(BUILT_PRODUCTS_DIR)/ios-course-homework02.app/ios-course-homework02";
			};
			name = Release;
		};
		1CC8ACC91BAD79AB00479798 /* Debug */ = {
			isa = XCBuildConfiguration;
			buildSettings = {
				INFOPLIST_FILE = "ios-course-homework02UITests/Info.plist";
				LD_RUNPATH_SEARCH_PATHS = "$(inherited) @executable_path/Frameworks @loader_path/Frameworks";
				PRODUCT_BUNDLE_IDENTIFIER = "BobrDobr.ios-course-homework02UITests";
				PRODUCT_NAME = "$(TARGET_NAME)";
				TEST_TARGET_NAME = "ios-course-homework02";
				USES_XCTRUNNER = YES;
			};
			name = Debug;
		};
		1CC8ACCA1BAD79AB00479798 /* Release */ = {
			isa = XCBuildConfiguration;
			buildSettings = {
				INFOPLIST_FILE = "ios-course-homework02UITests/Info.plist";
				LD_RUNPATH_SEARCH_PATHS = "$(inherited) @executable_path/Frameworks @loader_path/Frameworks";
				PRODUCT_BUNDLE_IDENTIFIER = "BobrDobr.ios-course-homework02UITests";
				PRODUCT_NAME = "$(TARGET_NAME)";
				TEST_TARGET_NAME = "ios-course-homework02";
				USES_XCTRUNNER = YES;
			};
			name = Release;
		};
/* End XCBuildConfiguration section */

/* Begin XCConfigurationList section */
		1CC8AC931BAD79A900479798 /* Build configuration list for PBXProject "ios-course-homework02" */ = {
			isa = XCConfigurationList;
			buildConfigurations = (
				1CC8ACC01BAD79AB00479798 /* Debug */,
				1CC8ACC11BAD79AB00479798 /* Release */,
			);
			defaultConfigurationIsVisible = 0;
			defaultConfigurationName = Release;
		};
		1CC8ACC21BAD79AB00479798 /* Build configuration list for PBXNativeTarget "ios-course-homework02" */ = {
			isa = XCConfigurationList;
			buildConfigurations = (
				1CC8ACC31BAD79AB00479798 /* Debug */,
				1CC8ACC41BAD79AB00479798 /* Release */,
			);
			defaultConfigurationIsVisible = 0;
			defaultConfigurationName = Release;
		};
		1CC8ACC51BAD79AB00479798 /* Build configuration list for PBXNativeTarget "ios-course-homework02Tests" */ = {
			isa = XCConfigurationList;
			buildConfigurations = (
				1CC8ACC61BAD79AB00479798 /* Debug */,
				1CC8ACC71BAD79AB00479798 /* Release */,
			);
			defaultConfigurationIsVisible = 0;
			defaultConfigurationName = Release;
		};
		1CC8ACC81BAD79AB00479798 /* Build configuration list for PBXNativeTarget "ios-course-homework02UITests" */ = {
			isa = XCConfigurationList;
			buildConfigurations = (
				1CC8ACC91BAD79AB00479798 /* Debug */,
				1CC8ACCA1BAD79AB00479798 /* Release */,
			);
			defaultConfigurationIsVisible = 0;
			defaultConfigurationName = Release;
		};
/* End XCConfigurationList section */
	};
	rootObject = 1CC8AC901BAD79A900479798 /* Project object */;
}
